// !$*UTF8*$!
{
	archiveVersion = 1;
	classes = {
	};
	objectVersion = 50;
	objects = {

/* Begin PBXGroup section */
		EC3F21AD21BB686B00696A23 = {
			isa = PBXGroup;
			children = (
			);
			sourceTree = "<group>";
		};
/* End PBXGroup section */

/* Begin PBXProject section */
		EC3F21AE21BB686B00696A23 /* Project object */ = {
			isa = PBXProject;
			attributes = {
				LastUpgradeCheck = 1010;
			};
			buildConfigurationList = EC3F21B121BB686B00696A23 /* Build configuration list for PBXProject "SQLiteDataModel" */;
			compatibilityVersion = "Xcode 9.3";
			developmentRegion = en;
			hasScannedForEncodings = 0;
			knownRegions = (
				en,
			);
			mainGroup = EC3F21AD21BB686B00696A23;
			projectDirPath = "";
			projectRoot = "";
			targets = (
			);
		};
/* End PBXProject section */

/* Begin XCBuildConfiguration section */
		EC3F21B221BB686B00696A23 /* Debug */ = {
			isa = XCBuildConfiguration;
			buildSettings = {
			};
			name = Debug;
		};
		EC3F21B321BB686B00696A23 /* Release */ = {
			isa = XCBuildConfiguration;
			buildSettings = {
			};
			name = Release;
		};
/* End XCBuildConfiguration section */

/* Begin XCConfigurationList section */
		EC3F21B121BB686B00696A23 /* Build configuration list for PBXProject "SQLiteDataModel" */ = {
			isa = XCConfigurationList;
			buildConfigurations = (
				EC3F21B221BB686B00696A23 /* Debug */,
				EC3F21B321BB686B00696A23 /* Release */,
			);
			defaultConfigurationIsVisible = 0;
			defaultConfigurationName = Release;
		};
/* End XCConfigurationList section */
	};
	rootObject = EC3F21AE21BB686B00696A23 /* Project object */;
}
